
Microsoft Visual Studio Solution File, Format Version 12.00
# Visual Studio Version 17
VisualStudioVersion = 17.11.35312.102
MinimumVisualStudioVersion = 10.0.40219.1
Project("{FAE04EC0-301F-11D3-BF4B-00C04F79EFBC}") = "KampStart", "KampStart\KampStart.csproj", "{A371C2C3-3952-410E-9D24-C2B0FDE65248}"
EndProject
Project("{FAE04EC0-301F-11D3-BF4B-00C04F79EFBC}") = "IlkDers", "IlkDers\IlkDers.csproj", "{1165A8F2-A3A1-45C4-8930-B3BF5565B191}"
EndProject
Global
	GlobalSection(SolutionConfigurationPlatforms) = preSolution
		Debug|Any CPU = Debug|Any CPU
		Release|Any CPU = Release|Any CPU
	EndGlobalSection
	GlobalSection(ProjectConfigurationPlatforms) = postSolution
		{A371C2C3-3952-410E-9D24-C2B0FDE65248}.Debug|Any CPU.ActiveCfg = Debug|Any CPU
		{A371C2C3-3952-410E-9D24-C2B0FDE65248}.Debug|Any CPU.Build.0 = Debug|Any CPU
		{A371C2C3-3952-410E-9D24-C2B0FDE65248}.Release|Any CPU.ActiveCfg = Release|Any CPU
		{A371C2C3-3952-410E-9D24-C2B0FDE65248}.Release|Any CPU.Build.0 = Release|Any CPU
		{1165A8F2-A3A1-45C4-8930-B3BF5565B191}.Debug|Any CPU.ActiveCfg = Debug|Any CPU
		{1165A8F2-A3A1-45C4-8930-B3BF5565B191}.Debug|Any CPU.Build.0 = Debug|Any CPU
		{1165A8F2-A3A1-45C4-8930-B3BF5565B191}.Release|Any CPU.ActiveCfg = Release|Any CPU
		{1165A8F2-A3A1-45C4-8930-B3BF5565B191}.Release|Any CPU.Build.0 = Release|Any CPU
	EndGlobalSection
	GlobalSection(SolutionProperties) = preSolution
		HideSolutionNode = FALSE
	EndGlobalSection
	GlobalSection(ExtensibilityGlobals) = postSolution
		SolutionGuid = {2344CEAB-7E87-4B16-85E3-DB7C85531AFE}
	EndGlobalSection
EndGlobal
